
Microsoft Visual Studio Solution File, Format Version 12.00
# Visual Studio 15
VisualStudioVersion = 15.0.27130.2010
MinimumVisualStudioVersion = 10.0.40219.1
Project("{FAE04EC0-301F-11D3-BF4B-00C04F79EFBC}") = "Tracking.Droid", "Tracking\Tracking.Droid\Tracking.Droid.csproj", "{EFA10B3F-27CC-4E66-8315-465F8916CEB2}"
EndProject
Project("{FAE04EC0-301F-11D3-BF4B-00C04F79EFBC}") = "Tracking.Core", "Tracking\Tracking.Core\Tracking.Core.csproj", "{8BAFCBC3-035F-4084-9B40-40A9A585783F}"
EndProject
Project("{FAE04EC0-301F-11D3-BF4B-00C04F79EFBC}") = "Tracking.iOS", "Tracking\Tracking.iOS\Tracking.iOS.csproj", "{9B59378D-F535-498E-9771-D9E19B7F94F2}"
EndProject
Project("{FAE04EC0-301F-11D3-BF4B-00C04F79EFBC}") = "AutoNavMapBinding.Droid", "AutoNavMapBinding.Droid\AutoNavMapBinding.Droid.csproj", "{7FF6C44E-81A9-47E6-B918-3B697859AFEE}"
EndProject
Project("{FAE04EC0-301F-11D3-BF4B-00C04F79EFBC}") = "AutoNavMapBinding.iOS", "AutoNavMapBinding.iOS\AutoNavMapBinding.iOS.csproj", "{C44CDA8C-5660-47F6-A043-582E42F84702}"
EndProject
Project("{2150E333-8FDC-42A3-9474-1A3956D46DE8}") = "Kanbans", "Kanbans", "{4E980933-462B-4DFF-9854-B9601C613DA9}"
EndProject
Project("{FAE04EC0-301F-11D3-BF4B-00C04F79EFBC}") = "StationStopLine.Android", "StationStopLine\StationStopLine.Android\StationStopLine.Android.csproj", "{6629C568-E5E7-43BE-A001-4865B9A7E495}"
EndProject
Project("{FAE04EC0-301F-11D3-BF4B-00C04F79EFBC}") = "StationStopLine.iOS", "StationStopLine\StationStopLine.iOS\StationStopLine.iOS.csproj", "{EC790CFB-6151-4CD2-8D94-94A967C67BB6}"
EndProject
Project("{FAE04EC0-301F-11D3-BF4B-00C04F79EFBC}") = "StationStopLine.UWP", "StationStopLine\StationStopLine.UWP\StationStopLine.UWP.csproj", "{AC9DA781-4EC6-4B62-8CDB-19DE479B53C5}"
EndProject
Project("{D954291E-2A0B-460D-934E-DC6B0785DB48}") = "StationStopLine", "StationStopLine\StationStopLine\StationStopLine.shproj", "{4B6AE5EC-0BD2-4854-BE17-E59EECA46261}"
EndProject
Global
	GlobalSection(SharedMSBuildProjectFiles) = preSolution
		StationStopLine\StationStopLine\StationStopLine.projitems*{4b6ae5ec-0bd2-4854-be17-e59eeca46261}*SharedItemsImports = 13
		StationStopLine\StationStopLine\StationStopLine.projitems*{6629c568-e5e7-43be-a001-4865b9a7e495}*SharedItemsImports = 4
		StationStopLine\StationStopLine\StationStopLine.projitems*{ac9da781-4ec6-4b62-8cdb-19de479b53c5}*SharedItemsImports = 4
		StationStopLine\StationStopLine\StationStopLine.projitems*{ec790cfb-6151-4cd2-8d94-94a967c67bb6}*SharedItemsImports = 4
	EndGlobalSection
	GlobalSection(SolutionConfigurationPlatforms) = preSolution
		Ad-Hoc|Any CPU = Ad-Hoc|Any CPU
		Ad-Hoc|ARM = Ad-Hoc|ARM
		Ad-Hoc|iPhone = Ad-Hoc|iPhone
		Ad-Hoc|iPhoneSimulator = Ad-Hoc|iPhoneSimulator
		Ad-Hoc|x64 = Ad-Hoc|x64
		Ad-Hoc|x86 = Ad-Hoc|x86
		AppStore|Any CPU = AppStore|Any CPU
		AppStore|ARM = AppStore|ARM
		AppStore|iPhone = AppStore|iPhone
		AppStore|iPhoneSimulator = AppStore|iPhoneSimulator
		AppStore|x64 = AppStore|x64
		AppStore|x86 = AppStore|x86
		Debug|Any CPU = Debug|Any CPU
		Debug|ARM = Debug|ARM
		Debug|iPhone = Debug|iPhone
		Debug|iPhoneSimulator = Debug|iPhoneSimulator
		Debug|x64 = Debug|x64
		Debug|x86 = Debug|x86
		Release|Any CPU = Release|Any CPU
		Release|ARM = Release|ARM
		Release|iPhone = Release|iPhone
		Release|iPhoneSimulator = Release|iPhoneSimulator
		Release|x64 = Release|x64
		Release|x86 = Release|x86
	EndGlobalSection
	GlobalSection(ProjectConfigurationPlatforms) = postSolution
		{EFA10B3F-27CC-4E66-8315-465F8916CEB2}.Ad-Hoc|Any CPU.ActiveCfg = Release|Any CPU
		{EFA10B3F-27CC-4E66-8315-465F8916CEB2}.Ad-Hoc|Any CPU.Build.0 = Release|Any CPU
		{EFA10B3F-27CC-4E66-8315-465F8916CEB2}.Ad-Hoc|Any CPU.Deploy.0 = Release|Any CPU
		{EFA10B3F-27CC-4E66-8315-465F8916CEB2}.Ad-Hoc|ARM.ActiveCfg = Debug|Any CPU
		{EFA10B3F-27CC-4E66-8315-465F8916CEB2}.Ad-Hoc|ARM.Build.0 = Debug|Any CPU
		{EFA10B3F-27CC-4E66-8315-465F8916CEB2}.Ad-Hoc|ARM.Deploy.0 = Debug|Any CPU
		{EFA10B3F-27CC-4E66-8315-465F8916CEB2}.Ad-Hoc|iPhone.ActiveCfg = Release|Any CPU
		{EFA10B3F-27CC-4E66-8315-465F8916CEB2}.Ad-Hoc|iPhone.Build.0 = Release|Any CPU
		{EFA10B3F-27CC-4E66-8315-465F8916CEB2}.Ad-Hoc|iPhone.Deploy.0 = Release|Any CPU
		{EFA10B3F-27CC-4E66-8315-465F8916CEB2}.Ad-Hoc|iPhoneSimulator.ActiveCfg = Release|Any CPU
		{EFA10B3F-27CC-4E66-8315-465F8916CEB2}.Ad-Hoc|iPhoneSimulator.Build.0 = Release|Any CPU
		{EFA10B3F-27CC-4E66-8315-465F8916CEB2}.Ad-Hoc|iPhoneSimulator.Deploy.0 = Release|Any CPU
		{EFA10B3F-27CC-4E66-8315-465F8916CEB2}.Ad-Hoc|x64.ActiveCfg = Debug|Any CPU
		{EFA10B3F-27CC-4E66-8315-465F8916CEB2}.Ad-Hoc|x64.Build.0 = Debug|Any CPU
		{EFA10B3F-27CC-4E66-8315-465F8916CEB2}.Ad-Hoc|x64.Deploy.0 = Debug|Any CPU
		{EFA10B3F-27CC-4E66-8315-465F8916CEB2}.Ad-Hoc|x86.ActiveCfg = Debug|Any CPU
		{EFA10B3F-27CC-4E66-8315-465F8916CEB2}.Ad-Hoc|x86.Build.0 = Debug|Any CPU
		{EFA10B3F-27CC-4E66-8315-465F8916CEB2}.Ad-Hoc|x86.Deploy.0 = Debug|Any CPU
		{EFA10B3F-27CC-4E66-8315-465F8916CEB2}.AppStore|Any CPU.ActiveCfg = Release|Any CPU
		{EFA10B3F-27CC-4E66-8315-465F8916CEB2}.AppStore|Any CPU.Build.0 = Release|Any CPU
		{EFA10B3F-27CC-4E66-8315-465F8916CEB2}.AppStore|Any CPU.Deploy.0 = Release|Any CPU
		{EFA10B3F-27CC-4E66-8315-465F8916CEB2}.AppStore|ARM.ActiveCfg = Debug|Any CPU
		{EFA10B3F-27CC-4E66-8315-465F8916CEB2}.AppStore|ARM.Build.0 = Debug|Any CPU
		{EFA10B3F-27CC-4E66-8315-465F8916CEB2}.AppStore|ARM.Deploy.0 = Debug|Any CPU
		{EFA10B3F-27CC-4E66-8315-465F8916CEB2}.AppStore|iPhone.ActiveCfg = Release|Any CPU
		{EFA10B3F-27CC-4E66-8315-465F8916CEB2}.AppStore|iPhone.Build.0 = Release|Any CPU
		{EFA10B3F-27CC-4E66-8315-465F8916CEB2}.AppStore|iPhone.Deploy.0 = Release|Any CPU
		{EFA10B3F-27CC-4E66-8315-465F8916CEB2}.AppStore|iPhoneSimulator.ActiveCfg = Release|Any CPU
		{EFA10B3F-27CC-4E66-8315-465F8916CEB2}.AppStore|iPhoneSimulator.Build.0 = Release|Any CPU
		{EFA10B3F-27CC-4E66-8315-465F8916CEB2}.AppStore|iPhoneSimulator.Deploy.0 = Release|Any CPU
		{EFA10B3F-27CC-4E66-8315-465F8916CEB2}.AppStore|x64.ActiveCfg = Debug|Any CPU
		{EFA10B3F-27CC-4E66-8315-465F8916CEB2}.AppStore|x64.Build.0 = Debug|Any CPU
		{EFA10B3F-27CC-4E66-8315-465F8916CEB2}.AppStore|x64.Deploy.0 = Debug|Any CPU
		{EFA10B3F-27CC-4E66-8315-465F8916CEB2}.AppStore|x86.ActiveCfg = Debug|Any CPU
		{EFA10B3F-27CC-4E66-8315-465F8916CEB2}.AppStore|x86.Build.0 = Debug|Any CPU
		{EFA10B3F-27CC-4E66-8315-465F8916CEB2}.AppStore|x86.Deploy.0 = Debug|Any CPU
		{EFA10B3F-27CC-4E66-8315-465F8916CEB2}.Debug|Any CPU.ActiveCfg = Debug|Any CPU
		{EFA10B3F-27CC-4E66-8315-465F8916CEB2}.Debug|Any CPU.Build.0 = Debug|Any CPU
		{EFA10B3F-27CC-4E66-8315-465F8916CEB2}.Debug|Any CPU.Deploy.0 = Debug|Any CPU
		{EFA10B3F-27CC-4E66-8315-465F8916CEB2}.Debug|ARM.ActiveCfg = Debug|Any CPU
		{EFA10B3F-27CC-4E66-8315-465F8916CEB2}.Debug|ARM.Build.0 = Debug|Any CPU
		{EFA10B3F-27CC-4E66-8315-465F8916CEB2}.Debug|ARM.Deploy.0 = Debug|Any CPU
		{EFA10B3F-27CC-4E66-8315-465F8916CEB2}.Debug|iPhone.ActiveCfg = Debug|Any CPU
		{EFA10B3F-27CC-4E66-8315-465F8916CEB2}.Debug|iPhone.Build.0 = Debug|Any CPU
		{EFA10B3F-27CC-4E66-8315-465F8916CEB2}.Debug|iPhone.Deploy.0 = Debug|Any CPU
		{EFA10B3F-27CC-4E66-8315-465F8916CEB2}.Debug|iPhoneSimulator.ActiveCfg = Debug|Any CPU
		{EFA10B3F-27CC-4E66-8315-465F8916CEB2}.Debug|iPhoneSimulator.Build.0 = Debug|Any CPU
		{EFA10B3F-27CC-4E66-8315-465F8916CEB2}.Debug|iPhoneSimulator.Deploy.0 = Debug|Any CPU
		{EFA10B3F-27CC-4E66-8315-465F8916CEB2}.Debug|x64.ActiveCfg = Debug|Any CPU
		{EFA10B3F-27CC-4E66-8315-465F8916CEB2}.Debug|x64.Build.0 = Debug|Any CPU
		{EFA10B3F-27CC-4E66-8315-465F8916CEB2}.Debug|x64.Deploy.0 = Debug|Any CPU
		{EFA10B3F-27CC-4E66-8315-465F8916CEB2}.Debug|x86.ActiveCfg = Debug|Any CPU
		{EFA10B3F-27CC-4E66-8315-465F8916CEB2}.Debug|x86.Build.0 = Debug|Any CPU
		{EFA10B3F-27CC-4E66-8315-465F8916CEB2}.Debug|x86.Deploy.0 = Debug|Any CPU
		{EFA10B3F-27CC-4E66-8315-465F8916CEB2}.Release|Any CPU.ActiveCfg = Release|Any CPU
		{EFA10B3F-27CC-4E66-8315-465F8916CEB2}.Release|Any CPU.Build.0 = Release|Any CPU
		{EFA10B3F-27CC-4E66-8315-465F8916CEB2}.Release|Any CPU.Deploy.0 = Release|Any CPU
		{EFA10B3F-27CC-4E66-8315-465F8916CEB2}.Release|ARM.ActiveCfg = Release|Any CPU
		{EFA10B3F-27CC-4E66-8315-465F8916CEB2}.Release|ARM.Build.0 = Release|Any CPU
		{EFA10B3F-27CC-4E66-8315-465F8916CEB2}.Release|ARM.Deploy.0 = Release|Any CPU
		{EFA10B3F-27CC-4E66-8315-465F8916CEB2}.Release|iPhone.ActiveCfg = Release|Any CPU
		{EFA10B3F-27CC-4E66-8315-465F8916CEB2}.Release|iPhone.Build.0 = Release|Any CPU
		{EFA10B3F-27CC-4E66-8315-465F8916CEB2}.Release|iPhone.Deploy.0 = Release|Any CPU
		{EFA10B3F-27CC-4E66-8315-465F8916CEB2}.Release|iPhoneSimulator.ActiveCfg = Release|Any CPU
		{EFA10B3F-27CC-4E66-8315-465F8916CEB2}.Release|iPhoneSimulator.Build.0 = Release|Any CPU
		{EFA10B3F-27CC-4E66-8315-465F8916CEB2}.Release|iPhoneSimulator.Deploy.0 = Release|Any CPU
		{EFA10B3F-27CC-4E66-8315-465F8916CEB2}.Release|x64.ActiveCfg = Release|Any CPU
		{EFA10B3F-27CC-4E66-8315-465F8916CEB2}.Release|x64.Build.0 = Release|Any CPU
		{EFA10B3F-27CC-4E66-8315-465F8916CEB2}.Release|x64.Deploy.0 = Release|Any CPU
		{EFA10B3F-27CC-4E66-8315-465F8916CEB2}.Release|x86.ActiveCfg = Release|Any CPU
		{EFA10B3F-27CC-4E66-8315-465F8916CEB2}.Release|x86.Build.0 = Release|Any CPU
		{EFA10B3F-27CC-4E66-8315-465F8916CEB2}.Release|x86.Deploy.0 = Release|Any CPU
		{8BAFCBC3-035F-4084-9B40-40A9A585783F}.Ad-Hoc|Any CPU.ActiveCfg = Release|Any CPU
		{8BAFCBC3-035F-4084-9B40-40A9A585783F}.Ad-Hoc|Any CPU.Build.0 = Release|Any CPU
		{8BAFCBC3-035F-4084-9B40-40A9A585783F}.Ad-Hoc|ARM.ActiveCfg = Debug|Any CPU
		{8BAFCBC3-035F-4084-9B40-40A9A585783F}.Ad-Hoc|ARM.Build.0 = Debug|Any CPU
		{8BAFCBC3-035F-4084-9B40-40A9A585783F}.Ad-Hoc|iPhone.ActiveCfg = Release|Any CPU
		{8BAFCBC3-035F-4084-9B40-40A9A585783F}.Ad-Hoc|iPhone.Build.0 = Release|Any CPU
		{8BAFCBC3-035F-4084-9B40-40A9A585783F}.Ad-Hoc|iPhoneSimulator.ActiveCfg = Release|Any CPU
		{8BAFCBC3-035F-4084-9B40-40A9A585783F}.Ad-Hoc|iPhoneSimulator.Build.0 = Release|Any CPU
		{8BAFCBC3-035F-4084-9B40-40A9A585783F}.Ad-Hoc|x64.ActiveCfg = Debug|Any CPU
		{8BAFCBC3-035F-4084-9B40-40A9A585783F}.Ad-Hoc|x64.Build.0 = Debug|Any CPU
		{8BAFCBC3-035F-4084-9B40-40A9A585783F}.Ad-Hoc|x86.ActiveCfg = Debug|Any CPU
		{8BAFCBC3-035F-4084-9B40-40A9A585783F}.Ad-Hoc|x86.Build.0 = Debug|Any CPU
		{8BAFCBC3-035F-4084-9B40-40A9A585783F}.AppStore|Any CPU.ActiveCfg = Release|Any CPU
		{8BAFCBC3-035F-4084-9B40-40A9A585783F}.AppStore|Any CPU.Build.0 = Release|Any CPU
		{8BAFCBC3-035F-4084-9B40-40A9A585783F}.AppStore|ARM.ActiveCfg = Debug|Any CPU
		{8BAFCBC3-035F-4084-9B40-40A9A585783F}.AppStore|ARM.Build.0 = Debug|Any CPU
		{8BAFCBC3-035F-4084-9B40-40A9A585783F}.AppStore|iPhone.ActiveCfg = Release|Any CPU
		{8BAFCBC3-035F-4084-9B40-40A9A585783F}.AppStore|iPhone.Build.0 = Release|Any CPU
		{8BAFCBC3-035F-4084-9B40-40A9A585783F}.AppStore|iPhoneSimulator.ActiveCfg = Release|Any CPU
		{8BAFCBC3-035F-4084-9B40-40A9A585783F}.AppStore|iPhoneSimulator.Build.0 = Release|Any CPU
		{8BAFCBC3-035F-4084-9B40-40A9A585783F}.AppStore|x64.ActiveCfg = Debug|Any CPU
		{8BAFCBC3-035F-4084-9B40-40A9A585783F}.AppStore|x64.Build.0 = Debug|Any CPU
		{8BAFCBC3-035F-4084-9B40-40A9A585783F}.AppStore|x86.ActiveCfg = Debug|Any CPU
		{8BAFCBC3-035F-4084-9B40-40A9A585783F}.AppStore|x86.Build.0 = Debug|Any CPU
		{8BAFCBC3-035F-4084-9B40-40A9A585783F}.Debug|Any CPU.ActiveCfg = Debug|Any CPU
		{8BAFCBC3-035F-4084-9B40-40A9A585783F}.Debug|Any CPU.Build.0 = Debug|Any CPU
		{8BAFCBC3-035F-4084-9B40-40A9A585783F}.Debug|ARM.ActiveCfg = Debug|Any CPU
		{8BAFCBC3-035F-4084-9B40-40A9A585783F}.Debug|ARM.Build.0 = Debug|Any CPU
		{8BAFCBC3-035F-4084-9B40-40A9A585783F}.Debug|iPhone.ActiveCfg = Debug|Any CPU
		{8BAFCBC3-035F-4084-9B40-40A9A585783F}.Debug|iPhone.Build.0 = Debug|Any CPU
		{8BAFCBC3-035F-4084-9B40-40A9A585783F}.Debug|iPhoneSimulator.ActiveCfg = Debug|Any CPU
		{8BAFCBC3-035F-4084-9B40-40A9A585783F}.Debug|iPhoneSimulator.Build.0 = Debug|Any CPU
		{8BAFCBC3-035F-4084-9B40-40A9A585783F}.Debug|x64.ActiveCfg = Debug|Any CPU
		{8BAFCBC3-035F-4084-9B40-40A9A585783F}.Debug|x64.Build.0 = Debug|Any CPU
		{8BAFCBC3-035F-4084-9B40-40A9A585783F}.Debug|x86.ActiveCfg = Debug|Any CPU
		{8BAFCBC3-035F-4084-9B40-40A9A585783F}.Debug|x86.Build.0 = Debug|Any CPU
		{8BAFCBC3-035F-4084-9B40-40A9A585783F}.Release|Any CPU.ActiveCfg = Release|Any CPU
		{8BAFCBC3-035F-4084-9B40-40A9A585783F}.Release|Any CPU.Build.0 = Release|Any CPU
		{8BAFCBC3-035F-4084-9B40-40A9A585783F}.Release|ARM.ActiveCfg = Release|Any CPU
		{8BAFCBC3-035F-4084-9B40-40A9A585783F}.Release|ARM.Build.0 = Release|Any CPU
		{8BAFCBC3-035F-4084-9B40-40A9A585783F}.Release|iPhone.ActiveCfg = Release|Any CPU
		{8BAFCBC3-035F-4084-9B40-40A9A585783F}.Release|iPhone.Build.0 = Release|Any CPU
		{8BAFCBC3-035F-4084-9B40-40A9A585783F}.Release|iPhoneSimulator.ActiveCfg = Release|Any CPU
		{8BAFCBC3-035F-4084-9B40-40A9A585783F}.Release|iPhoneSimulator.Build.0 = Release|Any CPU
		{8BAFCBC3-035F-4084-9B40-40A9A585783F}.Release|x64.ActiveCfg = Release|Any CPU
		{8BAFCBC3-035F-4084-9B40-40A9A585783F}.Release|x64.Build.0 = Release|Any CPU
		{8BAFCBC3-035F-4084-9B40-40A9A585783F}.Release|x86.ActiveCfg = Release|Any CPU
		{8BAFCBC3-035F-4084-9B40-40A9A585783F}.Release|x86.Build.0 = Release|Any CPU
		{9B59378D-F535-498E-9771-D9E19B7F94F2}.Ad-Hoc|Any CPU.ActiveCfg = Ad-Hoc|iPhone
		{9B59378D-F535-498E-9771-D9E19B7F94F2}.Ad-Hoc|ARM.ActiveCfg = Ad-Hoc|iPhoneSimulator
		{9B59378D-F535-498E-9771-D9E19B7F94F2}.Ad-Hoc|iPhone.ActiveCfg = Ad-Hoc|iPhone
		{9B59378D-F535-498E-9771-D9E19B7F94F2}.Ad-Hoc|iPhone.Build.0 = Ad-Hoc|iPhone
		{9B59378D-F535-498E-9771-D9E19B7F94F2}.Ad-Hoc|iPhoneSimulator.ActiveCfg = Ad-Hoc|iPhoneSimulator
		{9B59378D-F535-498E-9771-D9E19B7F94F2}.Ad-Hoc|iPhoneSimulator.Build.0 = Ad-Hoc|iPhoneSimulator
		{9B59378D-F535-498E-9771-D9E19B7F94F2}.Ad-Hoc|x64.ActiveCfg = Ad-Hoc|iPhoneSimulator
		{9B59378D-F535-498E-9771-D9E19B7F94F2}.Ad-Hoc|x86.ActiveCfg = Ad-Hoc|iPhoneSimulator
		{9B59378D-F535-498E-9771-D9E19B7F94F2}.AppStore|Any CPU.ActiveCfg = AppStore|iPhone
		{9B59378D-F535-498E-9771-D9E19B7F94F2}.AppStore|ARM.ActiveCfg = AppStore|iPhoneSimulator
		{9B59378D-F535-498E-9771-D9E19B7F94F2}.AppStore|iPhone.ActiveCfg = AppStore|iPhone
		{9B59378D-F535-498E-9771-D9E19B7F94F2}.AppStore|iPhone.Build.0 = AppStore|iPhone
		{9B59378D-F535-498E-9771-D9E19B7F94F2}.AppStore|iPhoneSimulator.ActiveCfg = AppStore|iPhoneSimulator
		{9B59378D-F535-498E-9771-D9E19B7F94F2}.AppStore|iPhoneSimulator.Build.0 = AppStore|iPhoneSimulator
		{9B59378D-F535-498E-9771-D9E19B7F94F2}.AppStore|x64.ActiveCfg = AppStore|iPhoneSimulator
		{9B59378D-F535-498E-9771-D9E19B7F94F2}.AppStore|x86.ActiveCfg = AppStore|iPhoneSimulator
		{9B59378D-F535-498E-9771-D9E19B7F94F2}.Debug|Any CPU.ActiveCfg = Debug|iPhone
		{9B59378D-F535-498E-9771-D9E19B7F94F2}.Debug|ARM.ActiveCfg = Debug|iPhoneSimulator
		{9B59378D-F535-498E-9771-D9E19B7F94F2}.Debug|iPhone.ActiveCfg = Debug|iPhone
		{9B59378D-F535-498E-9771-D9E19B7F94F2}.Debug|iPhone.Build.0 = Debug|iPhone
		{9B59378D-F535-498E-9771-D9E19B7F94F2}.Debug|iPhoneSimulator.ActiveCfg = Debug|iPhoneSimulator
		{9B59378D-F535-498E-9771-D9E19B7F94F2}.Debug|iPhoneSimulator.Build.0 = Debug|iPhoneSimulator
		{9B59378D-F535-498E-9771-D9E19B7F94F2}.Debug|x64.ActiveCfg = Debug|iPhoneSimulator
		{9B59378D-F535-498E-9771-D9E19B7F94F2}.Debug|x86.ActiveCfg = Debug|iPhoneSimulator
		{9B59378D-F535-498E-9771-D9E19B7F94F2}.Release|Any CPU.ActiveCfg = Release|iPhone
		{9B59378D-F535-498E-9771-D9E19B7F94F2}.Release|ARM.ActiveCfg = Release|iPhoneSimulator
		{9B59378D-F535-498E-9771-D9E19B7F94F2}.Release|iPhone.ActiveCfg = Release|iPhone
		{9B59378D-F535-498E-9771-D9E19B7F94F2}.Release|iPhone.Build.0 = Release|iPhone
		{9B59378D-F535-498E-9771-D9E19B7F94F2}.Release|iPhoneSimulator.ActiveCfg = Release|iPhoneSimulator
		{9B59378D-F535-498E-9771-D9E19B7F94F2}.Release|iPhoneSimulator.Build.0 = Release|iPhoneSimulator
		{9B59378D-F535-498E-9771-D9E19B7F94F2}.Release|x64.ActiveCfg = Release|iPhoneSimulator
		{9B59378D-F535-498E-9771-D9E19B7F94F2}.Release|x86.ActiveCfg = Release|iPhoneSimulator
		{7FF6C44E-81A9-47E6-B918-3B697859AFEE}.Ad-Hoc|Any CPU.ActiveCfg = Release|Any CPU
		{7FF6C44E-81A9-47E6-B918-3B697859AFEE}.Ad-Hoc|Any CPU.Build.0 = Release|Any CPU
		{7FF6C44E-81A9-47E6-B918-3B697859AFEE}.Ad-Hoc|ARM.ActiveCfg = Debug|Any CPU
		{7FF6C44E-81A9-47E6-B918-3B697859AFEE}.Ad-Hoc|ARM.Build.0 = Debug|Any CPU
		{7FF6C44E-81A9-47E6-B918-3B697859AFEE}.Ad-Hoc|iPhone.ActiveCfg = Release|Any CPU
		{7FF6C44E-81A9-47E6-B918-3B697859AFEE}.Ad-Hoc|iPhone.Build.0 = Release|Any CPU
		{7FF6C44E-81A9-47E6-B918-3B697859AFEE}.Ad-Hoc|iPhoneSimulator.ActiveCfg = Release|Any CPU
		{7FF6C44E-81A9-47E6-B918-3B697859AFEE}.Ad-Hoc|iPhoneSimulator.Build.0 = Release|Any CPU
		{7FF6C44E-81A9-47E6-B918-3B697859AFEE}.Ad-Hoc|x64.ActiveCfg = Debug|Any CPU
		{7FF6C44E-81A9-47E6-B918-3B697859AFEE}.Ad-Hoc|x64.Build.0 = Debug|Any CPU
		{7FF6C44E-81A9-47E6-B918-3B697859AFEE}.Ad-Hoc|x86.ActiveCfg = Debug|Any CPU
		{7FF6C44E-81A9-47E6-B918-3B697859AFEE}.Ad-Hoc|x86.Build.0 = Debug|Any CPU
		{7FF6C44E-81A9-47E6-B918-3B697859AFEE}.AppStore|Any CPU.ActiveCfg = Release|Any CPU
		{7FF6C44E-81A9-47E6-B918-3B697859AFEE}.AppStore|Any CPU.Build.0 = Release|Any CPU
		{7FF6C44E-81A9-47E6-B918-3B697859AFEE}.AppStore|ARM.ActiveCfg = Debug|Any CPU
		{7FF6C44E-81A9-47E6-B918-3B697859AFEE}.AppStore|ARM.Build.0 = Debug|Any CPU
		{7FF6C44E-81A9-47E6-B918-3B697859AFEE}.AppStore|iPhone.ActiveCfg = Release|Any CPU
		{7FF6C44E-81A9-47E6-B918-3B697859AFEE}.AppStore|iPhone.Build.0 = Release|Any CPU
		{7FF6C44E-81A9-47E6-B918-3B697859AFEE}.AppStore|iPhoneSimulator.ActiveCfg = Release|Any CPU
		{7FF6C44E-81A9-47E6-B918-3B697859AFEE}.AppStore|iPhoneSimulator.Build.0 = Release|Any CPU
		{7FF6C44E-81A9-47E6-B918-3B697859AFEE}.AppStore|x64.ActiveCfg = Debug|Any CPU
		{7FF6C44E-81A9-47E6-B918-3B697859AFEE}.AppStore|x64.Build.0 = Debug|Any CPU
		{7FF6C44E-81A9-47E6-B918-3B697859AFEE}.AppStore|x86.ActiveCfg = Debug|Any CPU
		{7FF6C44E-81A9-47E6-B918-3B697859AFEE}.AppStore|x86.Build.0 = Debug|Any CPU
		{7FF6C44E-81A9-47E6-B918-3B697859AFEE}.Debug|Any CPU.ActiveCfg = Debug|Any CPU
		{7FF6C44E-81A9-47E6-B918-3B697859AFEE}.Debug|Any CPU.Build.0 = Debug|Any CPU
		{7FF6C44E-81A9-47E6-B918-3B697859AFEE}.Debug|ARM.ActiveCfg = Debug|Any CPU
		{7FF6C44E-81A9-47E6-B918-3B697859AFEE}.Debug|ARM.Build.0 = Debug|Any CPU
		{7FF6C44E-81A9-47E6-B918-3B697859AFEE}.Debug|iPhone.ActiveCfg = Debug|Any CPU
		{7FF6C44E-81A9-47E6-B918-3B697859AFEE}.Debug|iPhone.Build.0 = Debug|Any CPU
		{7FF6C44E-81A9-47E6-B918-3B697859AFEE}.Debug|iPhoneSimulator.ActiveCfg = Debug|Any CPU
		{7FF6C44E-81A9-47E6-B918-3B697859AFEE}.Debug|iPhoneSimulator.Build.0 = Debug|Any CPU
		{7FF6C44E-81A9-47E6-B918-3B697859AFEE}.Debug|x64.ActiveCfg = Debug|Any CPU
		{7FF6C44E-81A9-47E6-B918-3B697859AFEE}.Debug|x64.Build.0 = Debug|Any CPU
		{7FF6C44E-81A9-47E6-B918-3B697859AFEE}.Debug|x86.ActiveCfg = Debug|Any CPU
		{7FF6C44E-81A9-47E6-B918-3B697859AFEE}.Debug|x86.Build.0 = Debug|Any CPU
		{7FF6C44E-81A9-47E6-B918-3B697859AFEE}.Release|Any CPU.ActiveCfg = Release|Any CPU
		{7FF6C44E-81A9-47E6-B918-3B697859AFEE}.Release|Any CPU.Build.0 = Release|Any CPU
		{7FF6C44E-81A9-47E6-B918-3B697859AFEE}.Release|ARM.ActiveCfg = Release|Any CPU
		{7FF6C44E-81A9-47E6-B918-3B697859AFEE}.Release|ARM.Build.0 = Release|Any CPU
		{7FF6C44E-81A9-47E6-B918-3B697859AFEE}.Release|iPhone.ActiveCfg = Release|Any CPU
		{7FF6C44E-81A9-47E6-B918-3B697859AFEE}.Release|iPhone.Build.0 = Release|Any CPU
		{7FF6C44E-81A9-47E6-B918-3B697859AFEE}.Release|iPhoneSimulator.ActiveCfg = Release|Any CPU
		{7FF6C44E-81A9-47E6-B918-3B697859AFEE}.Release|iPhoneSimulator.Build.0 = Release|Any CPU
		{7FF6C44E-81A9-47E6-B918-3B697859AFEE}.Release|x64.ActiveCfg = Release|Any CPU
		{7FF6C44E-81A9-47E6-B918-3B697859AFEE}.Release|x64.Build.0 = Release|Any CPU
		{7FF6C44E-81A9-47E6-B918-3B697859AFEE}.Release|x86.ActiveCfg = Release|Any CPU
		{7FF6C44E-81A9-47E6-B918-3B697859AFEE}.Release|x86.Build.0 = Release|Any CPU
		{C44CDA8C-5660-47F6-A043-582E42F84702}.Ad-Hoc|Any CPU.ActiveCfg = Release|Any CPU
		{C44CDA8C-5660-47F6-A043-582E42F84702}.Ad-Hoc|Any CPU.Build.0 = Release|Any CPU
		{C44CDA8C-5660-47F6-A043-582E42F84702}.Ad-Hoc|ARM.ActiveCfg = Debug|Any CPU
		{C44CDA8C-5660-47F6-A043-582E42F84702}.Ad-Hoc|ARM.Build.0 = Debug|Any CPU
		{C44CDA8C-5660-47F6-A043-582E42F84702}.Ad-Hoc|iPhone.ActiveCfg = Release|Any CPU
		{C44CDA8C-5660-47F6-A043-582E42F84702}.Ad-Hoc|iPhone.Build.0 = Release|Any CPU
		{C44CDA8C-5660-47F6-A043-582E42F84702}.Ad-Hoc|iPhoneSimulator.ActiveCfg = Release|Any CPU
		{C44CDA8C-5660-47F6-A043-582E42F84702}.Ad-Hoc|iPhoneSimulator.Build.0 = Release|Any CPU
		{C44CDA8C-5660-47F6-A043-582E42F84702}.Ad-Hoc|x64.ActiveCfg = Debug|Any CPU
		{C44CDA8C-5660-47F6-A043-582E42F84702}.Ad-Hoc|x64.Build.0 = Debug|Any CPU
		{C44CDA8C-5660-47F6-A043-582E42F84702}.Ad-Hoc|x86.ActiveCfg = Debug|Any CPU
		{C44CDA8C-5660-47F6-A043-582E42F84702}.Ad-Hoc|x86.Build.0 = Debug|Any CPU
		{C44CDA8C-5660-47F6-A043-582E42F84702}.AppStore|Any CPU.ActiveCfg = Release|Any CPU
		{C44CDA8C-5660-47F6-A043-582E42F84702}.AppStore|Any CPU.Build.0 = Release|Any CPU
		{C44CDA8C-5660-47F6-A043-582E42F84702}.AppStore|ARM.ActiveCfg = Debug|Any CPU
		{C44CDA8C-5660-47F6-A043-582E42F84702}.AppStore|ARM.Build.0 = Debug|Any CPU
		{C44CDA8C-5660-47F6-A043-582E42F84702}.AppStore|iPhone.ActiveCfg = Release|Any CPU
		{C44CDA8C-5660-47F6-A043-582E42F84702}.AppStore|iPhone.Build.0 = Release|Any CPU
		{C44CDA8C-5660-47F6-A043-582E42F84702}.AppStore|iPhoneSimulator.ActiveCfg = Release|Any CPU
		{C44CDA8C-5660-47F6-A043-582E42F84702}.AppStore|iPhoneSimulator.Build.0 = Release|Any CPU
		{C44CDA8C-5660-47F6-A043-582E42F84702}.AppStore|x64.ActiveCfg = Debug|Any CPU
		{C44CDA8C-5660-47F6-A043-582E42F84702}.AppStore|x64.Build.0 = Debug|Any CPU
		{C44CDA8C-5660-47F6-A043-582E42F84702}.AppStore|x86.ActiveCfg = Debug|Any CPU
		{C44CDA8C-5660-47F6-A043-582E42F84702}.AppStore|x86.Build.0 = Debug|Any CPU
		{C44CDA8C-5660-47F6-A043-582E42F84702}.Debug|Any CPU.ActiveCfg = Debug|Any CPU
		{C44CDA8C-5660-47F6-A043-582E42F84702}.Debug|Any CPU.Build.0 = Debug|Any CPU
		{C44CDA8C-5660-47F6-A043-582E42F84702}.Debug|ARM.ActiveCfg = Debug|Any CPU
		{C44CDA8C-5660-47F6-A043-582E42F84702}.Debug|ARM.Build.0 = Debug|Any CPU
		{C44CDA8C-5660-47F6-A043-582E42F84702}.Debug|iPhone.ActiveCfg = Debug|Any CPU
		{C44CDA8C-5660-47F6-A043-582E42F84702}.Debug|iPhone.Build.0 = Debug|Any CPU
		{C44CDA8C-5660-47F6-A043-582E42F84702}.Debug|iPhoneSimulator.ActiveCfg = Debug|Any CPU
		{C44CDA8C-5660-47F6-A043-582E42F84702}.Debug|iPhoneSimulator.Build.0 = Debug|Any CPU
		{C44CDA8C-5660-47F6-A043-582E42F84702}.Debug|x64.ActiveCfg = Debug|Any CPU
		{C44CDA8C-5660-47F6-A043-582E42F84702}.Debug|x64.Build.0 = Debug|Any CPU
		{C44CDA8C-5660-47F6-A043-582E42F84702}.Debug|x86.ActiveCfg = Debug|Any CPU
		{C44CDA8C-5660-47F6-A043-582E42F84702}.Debug|x86.Build.0 = Debug|Any CPU
		{C44CDA8C-5660-47F6-A043-582E42F84702}.Release|Any CPU.ActiveCfg = Release|Any CPU
		{C44CDA8C-5660-47F6-A043-582E42F84702}.Release|Any CPU.Build.0 = Release|Any CPU
		{C44CDA8C-5660-47F6-A043-582E42F84702}.Release|ARM.ActiveCfg = Release|Any CPU
		{C44CDA8C-5660-47F6-A043-582E42F84702}.Release|ARM.Build.0 = Release|Any CPU
		{C44CDA8C-5660-47F6-A043-582E42F84702}.Release|iPhone.ActiveCfg = Release|Any CPU
		{C44CDA8C-5660-47F6-A043-582E42F84702}.Release|iPhone.Build.0 = Release|Any CPU
		{C44CDA8C-5660-47F6-A043-582E42F84702}.Release|iPhoneSimulator.ActiveCfg = Release|Any CPU
		{C44CDA8C-5660-47F6-A043-582E42F84702}.Release|iPhoneSimulator.Build.0 = Release|Any CPU
		{C44CDA8C-5660-47F6-A043-582E42F84702}.Release|x64.ActiveCfg = Release|Any CPU
		{C44CDA8C-5660-47F6-A043-582E42F84702}.Release|x64.Build.0 = Release|Any CPU
		{C44CDA8C-5660-47F6-A043-582E42F84702}.Release|x86.ActiveCfg = Release|Any CPU
		{C44CDA8C-5660-47F6-A043-582E42F84702}.Release|x86.Build.0 = Release|Any CPU
		{6629C568-E5E7-43BE-A001-4865B9A7E495}.Ad-Hoc|Any CPU.ActiveCfg = Release|Any CPU
		{6629C568-E5E7-43BE-A001-4865B9A7E495}.Ad-Hoc|Any CPU.Build.0 = Release|Any CPU
		{6629C568-E5E7-43BE-A001-4865B9A7E495}.Ad-Hoc|Any CPU.Deploy.0 = Release|Any CPU
		{6629C568-E5E7-43BE-A001-4865B9A7E495}.Ad-Hoc|ARM.ActiveCfg = Release|Any CPU
		{6629C568-E5E7-43BE-A001-4865B9A7E495}.Ad-Hoc|ARM.Build.0 = Release|Any CPU
		{6629C568-E5E7-43BE-A001-4865B9A7E495}.Ad-Hoc|ARM.Deploy.0 = Release|Any CPU
		{6629C568-E5E7-43BE-A001-4865B9A7E495}.Ad-Hoc|iPhone.ActiveCfg = Release|Any CPU
		{6629C568-E5E7-43BE-A001-4865B9A7E495}.Ad-Hoc|iPhone.Build.0 = Release|Any CPU
		{6629C568-E5E7-43BE-A001-4865B9A7E495}.Ad-Hoc|iPhone.Deploy.0 = Release|Any CPU
		{6629C568-E5E7-43BE-A001-4865B9A7E495}.Ad-Hoc|iPhoneSimulator.ActiveCfg = Release|Any CPU
		{6629C568-E5E7-43BE-A001-4865B9A7E495}.Ad-Hoc|iPhoneSimulator.Build.0 = Release|Any CPU
		{6629C568-E5E7-43BE-A001-4865B9A7E495}.Ad-Hoc|iPhoneSimulator.Deploy.0 = Release|Any CPU
		{6629C568-E5E7-43BE-A001-4865B9A7E495}.Ad-Hoc|x64.ActiveCfg = Release|Any CPU
		{6629C568-E5E7-43BE-A001-4865B9A7E495}.Ad-Hoc|x64.Build.0 = Release|Any CPU
		{6629C568-E5E7-43BE-A001-4865B9A7E495}.Ad-Hoc|x64.Deploy.0 = Release|Any CPU
		{6629C568-E5E7-43BE-A001-4865B9A7E495}.Ad-Hoc|x86.ActiveCfg = Release|Any CPU
		{6629C568-E5E7-43BE-A001-4865B9A7E495}.Ad-Hoc|x86.Build.0 = Release|Any CPU
		{6629C568-E5E7-43BE-A001-4865B9A7E495}.Ad-Hoc|x86.Deploy.0 = Release|Any CPU
		{6629C568-E5E7-43BE-A001-4865B9A7E495}.AppStore|Any CPU.ActiveCfg = Release|Any CPU
		{6629C568-E5E7-43BE-A001-4865B9A7E495}.AppStore|Any CPU.Build.0 = Release|Any CPU
		{6629C568-E5E7-43BE-A001-4865B9A7E495}.AppStore|Any CPU.Deploy.0 = Release|Any CPU
		{6629C568-E5E7-43BE-A001-4865B9A7E495}.AppStore|ARM.ActiveCfg = Release|Any CPU
		{6629C568-E5E7-43BE-A001-4865B9A7E495}.AppStore|ARM.Build.0 = Release|Any CPU
		{6629C568-E5E7-43BE-A001-4865B9A7E495}.AppStore|ARM.Deploy.0 = Release|Any CPU
		{6629C568-E5E7-43BE-A001-4865B9A7E495}.AppStore|iPhone.ActiveCfg = Release|Any CPU
		{6629C568-E5E7-43BE-A001-4865B9A7E495}.AppStore|iPhone.Build.0 = Release|Any CPU
		{6629C568-E5E7-43BE-A001-4865B9A7E495}.AppStore|iPhone.Deploy.0 = Release|Any CPU
		{6629C568-E5E7-43BE-A001-4865B9A7E495}.AppStore|iPhoneSimulator.ActiveCfg = Release|Any CPU
		{6629C568-E5E7-43BE-A001-4865B9A7E495}.AppStore|iPhoneSimulator.Build.0 = Release|Any CPU
		{6629C568-E5E7-43BE-A001-4865B9A7E495}.AppStore|iPhoneSimulator.Deploy.0 = Release|Any CPU
		{6629C568-E5E7-43BE-A001-4865B9A7E495}.AppStore|x64.ActiveCfg = Release|Any CPU
		{6629C568-E5E7-43BE-A001-4865B9A7E495}.AppStore|x64.Build.0 = Release|Any CPU
		{6629C568-E5E7-43BE-A001-4865B9A7E495}.AppStore|x64.Deploy.0 = Release|Any CPU
		{6629C568-E5E7-43BE-A001-4865B9A7E495}.AppStore|x86.ActiveCfg = Release|Any CPU
		{6629C568-E5E7-43BE-A001-4865B9A7E495}.AppStore|x86.Build.0 = Release|Any CPU
		{6629C568-E5E7-43BE-A001-4865B9A7E495}.AppStore|x86.Deploy.0 = Release|Any CPU
		{6629C568-E5E7-43BE-A001-4865B9A7E495}.Debug|Any CPU.ActiveCfg = Debug|Any CPU
		{6629C568-E5E7-43BE-A001-4865B9A7E495}.Debug|Any CPU.Build.0 = Debug|Any CPU
		{6629C568-E5E7-43BE-A001-4865B9A7E495}.Debug|Any CPU.Deploy.0 = Debug|Any CPU
		{6629C568-E5E7-43BE-A001-4865B9A7E495}.Debug|ARM.ActiveCfg = Debug|Any CPU
		{6629C568-E5E7-43BE-A001-4865B9A7E495}.Debug|ARM.Build.0 = Debug|Any CPU
		{6629C568-E5E7-43BE-A001-4865B9A7E495}.Debug|ARM.Deploy.0 = Debug|Any CPU
		{6629C568-E5E7-43BE-A001-4865B9A7E495}.Debug|iPhone.ActiveCfg = Debug|Any CPU
		{6629C568-E5E7-43BE-A001-4865B9A7E495}.Debug|iPhone.Build.0 = Debug|Any CPU
		{6629C568-E5E7-43BE-A001-4865B9A7E495}.Debug|iPhone.Deploy.0 = Debug|Any CPU
		{6629C568-E5E7-43BE-A001-4865B9A7E495}.Debug|iPhoneSimulator.ActiveCfg = Debug|Any CPU
		{6629C568-E5E7-43BE-A001-4865B9A7E495}.Debug|iPhoneSimulator.Build.0 = Debug|Any CPU
		{6629C568-E5E7-43BE-A001-4865B9A7E495}.Debug|iPhoneSimulator.Deploy.0 = Debug|Any CPU
		{6629C568-E5E7-43BE-A001-4865B9A7E495}.Debug|x64.ActiveCfg = Debug|Any CPU
		{6629C568-E5E7-43BE-A001-4865B9A7E495}.Debug|x64.Build.0 = Debug|Any CPU
		{6629C568-E5E7-43BE-A001-4865B9A7E495}.Debug|x64.Deploy.0 = Debug|Any CPU
		{6629C568-E5E7-43BE-A001-4865B9A7E495}.Debug|x86.ActiveCfg = Debug|Any CPU
		{6629C568-E5E7-43BE-A001-4865B9A7E495}.Debug|x86.Build.0 = Debug|Any CPU
		{6629C568-E5E7-43BE-A001-4865B9A7E495}.Debug|x86.Deploy.0 = Debug|Any CPU
		{6629C568-E5E7-43BE-A001-4865B9A7E495}.Release|Any CPU.ActiveCfg = Release|Any CPU
		{6629C568-E5E7-43BE-A001-4865B9A7E495}.Release|Any CPU.Build.0 = Release|Any CPU
		{6629C568-E5E7-43BE-A001-4865B9A7E495}.Release|Any CPU.Deploy.0 = Release|Any CPU
		{6629C568-E5E7-43BE-A001-4865B9A7E495}.Release|ARM.ActiveCfg = Release|Any CPU
		{6629C568-E5E7-43BE-A001-4865B9A7E495}.Release|ARM.Build.0 = Release|Any CPU
		{6629C568-E5E7-43BE-A001-4865B9A7E495}.Release|ARM.Deploy.0 = Release|Any CPU
		{6629C568-E5E7-43BE-A001-4865B9A7E495}.Release|iPhone.ActiveCfg = Release|Any CPU
		{6629C568-E5E7-43BE-A001-4865B9A7E495}.Release|iPhone.Build.0 = Release|Any CPU
		{6629C568-E5E7-43BE-A001-4865B9A7E495}.Release|iPhone.Deploy.0 = Release|Any CPU
		{6629C568-E5E7-43BE-A001-4865B9A7E495}.Release|iPhoneSimulator.ActiveCfg = Release|Any CPU
		{6629C568-E5E7-43BE-A001-4865B9A7E495}.Release|iPhoneSimulator.Build.0 = Release|Any CPU
		{6629C568-E5E7-43BE-A001-4865B9A7E495}.Release|iPhoneSimulator.Deploy.0 = Release|Any CPU
		{6629C568-E5E7-43BE-A001-4865B9A7E495}.Release|x64.ActiveCfg = Release|Any CPU
		{6629C568-E5E7-43BE-A001-4865B9A7E495}.Release|x64.Build.0 = Release|Any CPU
		{6629C568-E5E7-43BE-A001-4865B9A7E495}.Release|x64.Deploy.0 = Release|Any CPU
		{6629C568-E5E7-43BE-A001-4865B9A7E495}.Release|x86.ActiveCfg = Release|Any CPU
		{6629C568-E5E7-43BE-A001-4865B9A7E495}.Release|x86.Build.0 = Release|Any CPU
		{6629C568-E5E7-43BE-A001-4865B9A7E495}.Release|x86.Deploy.0 = Release|Any CPU
		{EC790CFB-6151-4CD2-8D94-94A967C67BB6}.Ad-Hoc|Any CPU.ActiveCfg = Ad-Hoc|iPhone
		{EC790CFB-6151-4CD2-8D94-94A967C67BB6}.Ad-Hoc|ARM.ActiveCfg = Ad-Hoc|iPhone
		{EC790CFB-6151-4CD2-8D94-94A967C67BB6}.Ad-Hoc|iPhone.ActiveCfg = Ad-Hoc|iPhone
		{EC790CFB-6151-4CD2-8D94-94A967C67BB6}.Ad-Hoc|iPhone.Build.0 = Ad-Hoc|iPhone
		{EC790CFB-6151-4CD2-8D94-94A967C67BB6}.Ad-Hoc|iPhoneSimulator.ActiveCfg = Ad-Hoc|iPhoneSimulator
		{EC790CFB-6151-4CD2-8D94-94A967C67BB6}.Ad-Hoc|iPhoneSimulator.Build.0 = Ad-Hoc|iPhoneSimulator
		{EC790CFB-6151-4CD2-8D94-94A967C67BB6}.Ad-Hoc|x64.ActiveCfg = Ad-Hoc|iPhone
		{EC790CFB-6151-4CD2-8D94-94A967C67BB6}.Ad-Hoc|x86.ActiveCfg = Ad-Hoc|iPhone
		{EC790CFB-6151-4CD2-8D94-94A967C67BB6}.AppStore|Any CPU.ActiveCfg = AppStore|iPhone
		{EC790CFB-6151-4CD2-8D94-94A967C67BB6}.AppStore|ARM.ActiveCfg = AppStore|iPhone
		{EC790CFB-6151-4CD2-8D94-94A967C67BB6}.AppStore|iPhone.ActiveCfg = AppStore|iPhone
		{EC790CFB-6151-4CD2-8D94-94A967C67BB6}.AppStore|iPhone.Build.0 = AppStore|iPhone
		{EC790CFB-6151-4CD2-8D94-94A967C67BB6}.AppStore|iPhoneSimulator.ActiveCfg = AppStore|iPhoneSimulator
		{EC790CFB-6151-4CD2-8D94-94A967C67BB6}.AppStore|iPhoneSimulator.Build.0 = AppStore|iPhoneSimulator
		{EC790CFB-6151-4CD2-8D94-94A967C67BB6}.AppStore|x64.ActiveCfg = AppStore|iPhone
		{EC790CFB-6151-4CD2-8D94-94A967C67BB6}.AppStore|x86.ActiveCfg = AppStore|iPhone
		{EC790CFB-6151-4CD2-8D94-94A967C67BB6}.Debug|Any CPU.ActiveCfg = Debug|iPhone
		{EC790CFB-6151-4CD2-8D94-94A967C67BB6}.Debug|ARM.ActiveCfg = Debug|iPhone
		{EC790CFB-6151-4CD2-8D94-94A967C67BB6}.Debug|iPhone.ActiveCfg = Debug|iPhone
		{EC790CFB-6151-4CD2-8D94-94A967C67BB6}.Debug|iPhone.Build.0 = Debug|iPhone
		{EC790CFB-6151-4CD2-8D94-94A967C67BB6}.Debug|iPhoneSimulator.ActiveCfg = Debug|iPhoneSimulator
		{EC790CFB-6151-4CD2-8D94-94A967C67BB6}.Debug|iPhoneSimulator.Build.0 = Debug|iPhoneSimulator
		{EC790CFB-6151-4CD2-8D94-94A967C67BB6}.Debug|x64.ActiveCfg = Debug|iPhone
		{EC790CFB-6151-4CD2-8D94-94A967C67BB6}.Debug|x86.ActiveCfg = Debug|iPhone
		{EC790CFB-6151-4CD2-8D94-94A967C67BB6}.Release|Any CPU.ActiveCfg = Release|iPhone
		{EC790CFB-6151-4CD2-8D94-94A967C67BB6}.Release|ARM.ActiveCfg = Release|iPhone
		{EC790CFB-6151-4CD2-8D94-94A967C67BB6}.Release|iPhone.ActiveCfg = Release|iPhone
		{EC790CFB-6151-4CD2-8D94-94A967C67BB6}.Release|iPhone.Build.0 = Release|iPhone
		{EC790CFB-6151-4CD2-8D94-94A967C67BB6}.Release|iPhoneSimulator.ActiveCfg = Release|iPhoneSimulator
		{EC790CFB-6151-4CD2-8D94-94A967C67BB6}.Release|iPhoneSimulator.Build.0 = Release|iPhoneSimulator
		{EC790CFB-6151-4CD2-8D94-94A967C67BB6}.Release|x64.ActiveCfg = Release|iPhone
		{EC790CFB-6151-4CD2-8D94-94A967C67BB6}.Release|x86.ActiveCfg = Release|iPhone
		{AC9DA781-4EC6-4B62-8CDB-19DE479B53C5}.Ad-Hoc|Any CPU.ActiveCfg = Release|x86
		{AC9DA781-4EC6-4B62-8CDB-19DE479B53C5}.Ad-Hoc|Any CPU.Build.0 = Release|x86
		{AC9DA781-4EC6-4B62-8CDB-19DE479B53C5}.Ad-Hoc|Any CPU.Deploy.0 = Release|x86
		{AC9DA781-4EC6-4B62-8CDB-19DE479B53C5}.Ad-Hoc|ARM.ActiveCfg = Release|ARM
		{AC9DA781-4EC6-4B62-8CDB-19DE479B53C5}.Ad-Hoc|ARM.Build.0 = Release|ARM
		{AC9DA781-4EC6-4B62-8CDB-19DE479B53C5}.Ad-Hoc|ARM.Deploy.0 = Release|ARM
		{AC9DA781-4EC6-4B62-8CDB-19DE479B53C5}.Ad-Hoc|iPhone.ActiveCfg = Release|x86
		{AC9DA781-4EC6-4B62-8CDB-19DE479B53C5}.Ad-Hoc|iPhone.Build.0 = Release|x86
		{AC9DA781-4EC6-4B62-8CDB-19DE479B53C5}.Ad-Hoc|iPhone.Deploy.0 = Release|x86
		{AC9DA781-4EC6-4B62-8CDB-19DE479B53C5}.Ad-Hoc|iPhoneSimulator.ActiveCfg = Release|x86
		{AC9DA781-4EC6-4B62-8CDB-19DE479B53C5}.Ad-Hoc|iPhoneSimulator.Build.0 = Release|x86
		{AC9DA781-4EC6-4B62-8CDB-19DE479B53C5}.Ad-Hoc|iPhoneSimulator.Deploy.0 = Release|x86
		{AC9DA781-4EC6-4B62-8CDB-19DE479B53C5}.Ad-Hoc|x64.ActiveCfg = Release|x64
		{AC9DA781-4EC6-4B62-8CDB-19DE479B53C5}.Ad-Hoc|x64.Build.0 = Release|x64
		{AC9DA781-4EC6-4B62-8CDB-19DE479B53C5}.Ad-Hoc|x64.Deploy.0 = Release|x64
		{AC9DA781-4EC6-4B62-8CDB-19DE479B53C5}.Ad-Hoc|x86.ActiveCfg = Release|x86
		{AC9DA781-4EC6-4B62-8CDB-19DE479B53C5}.Ad-Hoc|x86.Build.0 = Release|x86
		{AC9DA781-4EC6-4B62-8CDB-19DE479B53C5}.Ad-Hoc|x86.Deploy.0 = Release|x86
		{AC9DA781-4EC6-4B62-8CDB-19DE479B53C5}.AppStore|Any CPU.ActiveCfg = Release|x86
		{AC9DA781-4EC6-4B62-8CDB-19DE479B53C5}.AppStore|Any CPU.Build.0 = Release|x86
		{AC9DA781-4EC6-4B62-8CDB-19DE479B53C5}.AppStore|Any CPU.Deploy.0 = Release|x86
		{AC9DA781-4EC6-4B62-8CDB-19DE479B53C5}.AppStore|ARM.ActiveCfg = Release|ARM
		{AC9DA781-4EC6-4B62-8CDB-19DE479B53C5}.AppStore|ARM.Build.0 = Release|ARM
		{AC9DA781-4EC6-4B62-8CDB-19DE479B53C5}.AppStore|ARM.Deploy.0 = Release|ARM
		{AC9DA781-4EC6-4B62-8CDB-19DE479B53C5}.AppStore|iPhone.ActiveCfg = Release|x86
		{AC9DA781-4EC6-4B62-8CDB-19DE479B53C5}.AppStore|iPhone.Build.0 = Release|x86
		{AC9DA781-4EC6-4B62-8CDB-19DE479B53C5}.AppStore|iPhone.Deploy.0 = Release|x86
		{AC9DA781-4EC6-4B62-8CDB-19DE479B53C5}.AppStore|iPhoneSimulator.ActiveCfg = Release|x86
		{AC9DA781-4EC6-4B62-8CDB-19DE479B53C5}.AppStore|iPhoneSimulator.Build.0 = Release|x86
		{AC9DA781-4EC6-4B62-8CDB-19DE479B53C5}.AppStore|iPhoneSimulator.Deploy.0 = Release|x86
		{AC9DA781-4EC6-4B62-8CDB-19DE479B53C5}.AppStore|x64.ActiveCfg = Release|x64
		{AC9DA781-4EC6-4B62-8CDB-19DE479B53C5}.AppStore|x64.Build.0 = Release|x64
		{AC9DA781-4EC6-4B62-8CDB-19DE479B53C5}.AppStore|x64.Deploy.0 = Release|x64
		{AC9DA781-4EC6-4B62-8CDB-19DE479B53C5}.AppStore|x86.ActiveCfg = Release|x86
		{AC9DA781-4EC6-4B62-8CDB-19DE479B53C5}.AppStore|x86.Build.0 = Release|x86
		{AC9DA781-4EC6-4B62-8CDB-19DE479B53C5}.AppStore|x86.Deploy.0 = Release|x86
		{AC9DA781-4EC6-4B62-8CDB-19DE479B53C5}.Debug|Any CPU.ActiveCfg = Debug|x86
		{AC9DA781-4EC6-4B62-8CDB-19DE479B53C5}.Debug|ARM.ActiveCfg = Debug|ARM
		{AC9DA781-4EC6-4B62-8CDB-19DE479B53C5}.Debug|ARM.Build.0 = Debug|ARM
		{AC9DA781-4EC6-4B62-8CDB-19DE479B53C5}.Debug|ARM.Deploy.0 = Debug|ARM
		{AC9DA781-4EC6-4B62-8CDB-19DE479B53C5}.Debug|iPhone.ActiveCfg = Debug|x86
		{AC9DA781-4EC6-4B62-8CDB-19DE479B53C5}.Debug|iPhoneSimulator.ActiveCfg = Debug|x86
		{AC9DA781-4EC6-4B62-8CDB-19DE479B53C5}.Debug|x64.ActiveCfg = Debug|x64
		{AC9DA781-4EC6-4B62-8CDB-19DE479B53C5}.Debug|x64.Build.0 = Debug|x64
		{AC9DA781-4EC6-4B62-8CDB-19DE479B53C5}.Debug|x64.Deploy.0 = Debug|x64
		{AC9DA781-4EC6-4B62-8CDB-19DE479B53C5}.Debug|x86.ActiveCfg = Debug|x86
		{AC9DA781-4EC6-4B62-8CDB-19DE479B53C5}.Debug|x86.Build.0 = Debug|x86
		{AC9DA781-4EC6-4B62-8CDB-19DE479B53C5}.Debug|x86.Deploy.0 = Debug|x86
		{AC9DA781-4EC6-4B62-8CDB-19DE479B53C5}.Release|Any CPU.ActiveCfg = Release|x86
		{AC9DA781-4EC6-4B62-8CDB-19DE479B53C5}.Release|ARM.ActiveCfg = Release|ARM
		{AC9DA781-4EC6-4B62-8CDB-19DE479B53C5}.Release|ARM.Build.0 = Release|ARM
		{AC9DA781-4EC6-4B62-8CDB-19DE479B53C5}.Release|ARM.Deploy.0 = Release|ARM
		{AC9DA781-4EC6-4B62-8CDB-19DE479B53C5}.Release|iPhone.ActiveCfg = Release|x86
		{AC9DA781-4EC6-4B62-8CDB-19DE479B53C5}.Release|iPhoneSimulator.ActiveCfg = Release|x86
		{AC9DA781-4EC6-4B62-8CDB-19DE479B53C5}.Release|x64.ActiveCfg = Release|x64
		{AC9DA781-4EC6-4B62-8CDB-19DE479B53C5}.Release|x64.Build.0 = Release|x64
		{AC9DA781-4EC6-4B62-8CDB-19DE479B53C5}.Release|x64.Deploy.0 = Release|x64
		{AC9DA781-4EC6-4B62-8CDB-19DE479B53C5}.Release|x86.ActiveCfg = Release|x86
		{AC9DA781-4EC6-4B62-8CDB-19DE479B53C5}.Release|x86.Build.0 = Release|x86
		{AC9DA781-4EC6-4B62-8CDB-19DE479B53C5}.Release|x86.Deploy.0 = Release|x86
	EndGlobalSection
	GlobalSection(SolutionProperties) = preSolution
		HideSolutionNode = FALSE
	EndGlobalSection
	GlobalSection(NestedProjects) = preSolution
		{6629C568-E5E7-43BE-A001-4865B9A7E495} = {4E980933-462B-4DFF-9854-B9601C613DA9}
		{EC790CFB-6151-4CD2-8D94-94A967C67BB6} = {4E980933-462B-4DFF-9854-B9601C613DA9}
		{AC9DA781-4EC6-4B62-8CDB-19DE479B53C5} = {4E980933-462B-4DFF-9854-B9601C613DA9}
		{4B6AE5EC-0BD2-4854-BE17-E59EECA46261} = {4E980933-462B-4DFF-9854-B9601C613DA9}
	EndGlobalSection
	GlobalSection(ExtensibilityGlobals) = postSolution
		SolutionGuid = {A287418C-C34F-47CF-9C7A-4CFA916F760D}
	EndGlobalSection
EndGlobal
