
Microsoft Visual Studio Solution File, Format Version 12.00
# Visual Studio 15
VisualStudioVersion = 15.0.27004.2008
MinimumVisualStudioVersion = 10.0.40219.1
Project("{FAE04EC0-301F-11D3-BF4B-00C04F79EFBC}") = "Tracking.Droid", "Tracking\Tracking.Droid\Tracking.Droid.csproj", "{EFA10B3F-27CC-4E66-8315-465F8916CEB2}"
EndProject
Project("{FAE04EC0-301F-11D3-BF4B-00C04F79EFBC}") = "Tracking.Core", "Tracking\Tracking.Core\Tracking.Core.csproj", "{8BAFCBC3-035F-4084-9B40-40A9A585783F}"
EndProject
Project("{FAE04EC0-301F-11D3-BF4B-00C04F79EFBC}") = "Tracking.iOS", "Tracking\Tracking.iOS\Tracking.iOS.csproj", "{9B59378D-F535-498E-9771-D9E19B7F94F2}"
EndProject
Project("{FAE04EC0-301F-11D3-BF4B-00C04F79EFBC}") = "Tracking.WPF", "Tracking\Tracking.WPF\Tracking.WPF.csproj", "{D687A193-4B6B-45BE-BB74-2694FBA4A03C}"
EndProject
Global
	GlobalSection(SolutionConfigurationPlatforms) = preSolution
		Ad-Hoc|Any CPU = Ad-Hoc|Any CPU
		Ad-Hoc|iPhone = Ad-Hoc|iPhone
		Ad-Hoc|iPhoneSimulator = Ad-Hoc|iPhoneSimulator
		AppStore|Any CPU = AppStore|Any CPU
		AppStore|iPhone = AppStore|iPhone
		AppStore|iPhoneSimulator = AppStore|iPhoneSimulator
		Debug|Any CPU = Debug|Any CPU
		Debug|iPhone = Debug|iPhone
		Debug|iPhoneSimulator = Debug|iPhoneSimulator
		Release|Any CPU = Release|Any CPU
		Release|iPhone = Release|iPhone
		Release|iPhoneSimulator = Release|iPhoneSimulator
	EndGlobalSection
	GlobalSection(ProjectConfigurationPlatforms) = postSolution
		{EFA10B3F-27CC-4E66-8315-465F8916CEB2}.Ad-Hoc|Any CPU.ActiveCfg = Release|Any CPU
		{EFA10B3F-27CC-4E66-8315-465F8916CEB2}.Ad-Hoc|Any CPU.Build.0 = Release|Any CPU
		{EFA10B3F-27CC-4E66-8315-465F8916CEB2}.Ad-Hoc|Any CPU.Deploy.0 = Release|Any CPU
		{EFA10B3F-27CC-4E66-8315-465F8916CEB2}.Ad-Hoc|iPhone.ActiveCfg = Release|Any CPU
		{EFA10B3F-27CC-4E66-8315-465F8916CEB2}.Ad-Hoc|iPhone.Build.0 = Release|Any CPU
		{EFA10B3F-27CC-4E66-8315-465F8916CEB2}.Ad-Hoc|iPhone.Deploy.0 = Release|Any CPU
		{EFA10B3F-27CC-4E66-8315-465F8916CEB2}.Ad-Hoc|iPhoneSimulator.ActiveCfg = Release|Any CPU
		{EFA10B3F-27CC-4E66-8315-465F8916CEB2}.Ad-Hoc|iPhoneSimulator.Build.0 = Release|Any CPU
		{EFA10B3F-27CC-4E66-8315-465F8916CEB2}.Ad-Hoc|iPhoneSimulator.Deploy.0 = Release|Any CPU
		{EFA10B3F-27CC-4E66-8315-465F8916CEB2}.AppStore|Any CPU.ActiveCfg = Release|Any CPU
		{EFA10B3F-27CC-4E66-8315-465F8916CEB2}.AppStore|Any CPU.Build.0 = Release|Any CPU
		{EFA10B3F-27CC-4E66-8315-465F8916CEB2}.AppStore|Any CPU.Deploy.0 = Release|Any CPU
		{EFA10B3F-27CC-4E66-8315-465F8916CEB2}.AppStore|iPhone.ActiveCfg = Release|Any CPU
		{EFA10B3F-27CC-4E66-8315-465F8916CEB2}.AppStore|iPhone.Build.0 = Release|Any CPU
		{EFA10B3F-27CC-4E66-8315-465F8916CEB2}.AppStore|iPhone.Deploy.0 = Release|Any CPU
		{EFA10B3F-27CC-4E66-8315-465F8916CEB2}.AppStore|iPhoneSimulator.ActiveCfg = Release|Any CPU
		{EFA10B3F-27CC-4E66-8315-465F8916CEB2}.AppStore|iPhoneSimulator.Build.0 = Release|Any CPU
		{EFA10B3F-27CC-4E66-8315-465F8916CEB2}.AppStore|iPhoneSimulator.Deploy.0 = Release|Any CPU
		{EFA10B3F-27CC-4E66-8315-465F8916CEB2}.Debug|Any CPU.ActiveCfg = Debug|Any CPU
		{EFA10B3F-27CC-4E66-8315-465F8916CEB2}.Debug|Any CPU.Build.0 = Debug|Any CPU
		{EFA10B3F-27CC-4E66-8315-465F8916CEB2}.Debug|Any CPU.Deploy.0 = Debug|Any CPU
		{EFA10B3F-27CC-4E66-8315-465F8916CEB2}.Debug|iPhone.ActiveCfg = Debug|Any CPU
		{EFA10B3F-27CC-4E66-8315-465F8916CEB2}.Debug|iPhone.Build.0 = Debug|Any CPU
		{EFA10B3F-27CC-4E66-8315-465F8916CEB2}.Debug|iPhone.Deploy.0 = Debug|Any CPU
		{EFA10B3F-27CC-4E66-8315-465F8916CEB2}.Debug|iPhoneSimulator.ActiveCfg = Debug|Any CPU
		{EFA10B3F-27CC-4E66-8315-465F8916CEB2}.Debug|iPhoneSimulator.Build.0 = Debug|Any CPU
		{EFA10B3F-27CC-4E66-8315-465F8916CEB2}.Debug|iPhoneSimulator.Deploy.0 = Debug|Any CPU
		{EFA10B3F-27CC-4E66-8315-465F8916CEB2}.Release|Any CPU.ActiveCfg = Release|Any CPU
		{EFA10B3F-27CC-4E66-8315-465F8916CEB2}.Release|Any CPU.Build.0 = Release|Any CPU
		{EFA10B3F-27CC-4E66-8315-465F8916CEB2}.Release|Any CPU.Deploy.0 = Release|Any CPU
		{EFA10B3F-27CC-4E66-8315-465F8916CEB2}.Release|iPhone.ActiveCfg = Release|Any CPU
		{EFA10B3F-27CC-4E66-8315-465F8916CEB2}.Release|iPhone.Build.0 = Release|Any CPU
		{EFA10B3F-27CC-4E66-8315-465F8916CEB2}.Release|iPhone.Deploy.0 = Release|Any CPU
		{EFA10B3F-27CC-4E66-8315-465F8916CEB2}.Release|iPhoneSimulator.ActiveCfg = Release|Any CPU
		{EFA10B3F-27CC-4E66-8315-465F8916CEB2}.Release|iPhoneSimulator.Build.0 = Release|Any CPU
		{EFA10B3F-27CC-4E66-8315-465F8916CEB2}.Release|iPhoneSimulator.Deploy.0 = Release|Any CPU
		{8BAFCBC3-035F-4084-9B40-40A9A585783F}.Ad-Hoc|Any CPU.ActiveCfg = Release|Any CPU
		{8BAFCBC3-035F-4084-9B40-40A9A585783F}.Ad-Hoc|Any CPU.Build.0 = Release|Any CPU
		{8BAFCBC3-035F-4084-9B40-40A9A585783F}.Ad-Hoc|iPhone.ActiveCfg = Release|Any CPU
		{8BAFCBC3-035F-4084-9B40-40A9A585783F}.Ad-Hoc|iPhone.Build.0 = Release|Any CPU
		{8BAFCBC3-035F-4084-9B40-40A9A585783F}.Ad-Hoc|iPhoneSimulator.ActiveCfg = Release|Any CPU
		{8BAFCBC3-035F-4084-9B40-40A9A585783F}.Ad-Hoc|iPhoneSimulator.Build.0 = Release|Any CPU
		{8BAFCBC3-035F-4084-9B40-40A9A585783F}.AppStore|Any CPU.ActiveCfg = Release|Any CPU
		{8BAFCBC3-035F-4084-9B40-40A9A585783F}.AppStore|Any CPU.Build.0 = Release|Any CPU
		{8BAFCBC3-035F-4084-9B40-40A9A585783F}.AppStore|iPhone.ActiveCfg = Release|Any CPU
		{8BAFCBC3-035F-4084-9B40-40A9A585783F}.AppStore|iPhone.Build.0 = Release|Any CPU
		{8BAFCBC3-035F-4084-9B40-40A9A585783F}.AppStore|iPhoneSimulator.ActiveCfg = Release|Any CPU
		{8BAFCBC3-035F-4084-9B40-40A9A585783F}.AppStore|iPhoneSimulator.Build.0 = Release|Any CPU
		{8BAFCBC3-035F-4084-9B40-40A9A585783F}.Debug|Any CPU.ActiveCfg = Debug|Any CPU
		{8BAFCBC3-035F-4084-9B40-40A9A585783F}.Debug|Any CPU.Build.0 = Debug|Any CPU
		{8BAFCBC3-035F-4084-9B40-40A9A585783F}.Debug|iPhone.ActiveCfg = Debug|Any CPU
		{8BAFCBC3-035F-4084-9B40-40A9A585783F}.Debug|iPhone.Build.0 = Debug|Any CPU
		{8BAFCBC3-035F-4084-9B40-40A9A585783F}.Debug|iPhoneSimulator.ActiveCfg = Debug|Any CPU
		{8BAFCBC3-035F-4084-9B40-40A9A585783F}.Debug|iPhoneSimulator.Build.0 = Debug|Any CPU
		{8BAFCBC3-035F-4084-9B40-40A9A585783F}.Release|Any CPU.ActiveCfg = Release|Any CPU
		{8BAFCBC3-035F-4084-9B40-40A9A585783F}.Release|Any CPU.Build.0 = Release|Any CPU
		{8BAFCBC3-035F-4084-9B40-40A9A585783F}.Release|iPhone.ActiveCfg = Release|Any CPU
		{8BAFCBC3-035F-4084-9B40-40A9A585783F}.Release|iPhone.Build.0 = Release|Any CPU
		{8BAFCBC3-035F-4084-9B40-40A9A585783F}.Release|iPhoneSimulator.ActiveCfg = Release|Any CPU
		{8BAFCBC3-035F-4084-9B40-40A9A585783F}.Release|iPhoneSimulator.Build.0 = Release|Any CPU
		{9B59378D-F535-498E-9771-D9E19B7F94F2}.Ad-Hoc|Any CPU.ActiveCfg = Ad-Hoc|iPhone
		{9B59378D-F535-498E-9771-D9E19B7F94F2}.Ad-Hoc|iPhone.ActiveCfg = Ad-Hoc|iPhone
		{9B59378D-F535-498E-9771-D9E19B7F94F2}.Ad-Hoc|iPhone.Build.0 = Ad-Hoc|iPhone
		{9B59378D-F535-498E-9771-D9E19B7F94F2}.Ad-Hoc|iPhoneSimulator.ActiveCfg = Ad-Hoc|iPhoneSimulator
		{9B59378D-F535-498E-9771-D9E19B7F94F2}.Ad-Hoc|iPhoneSimulator.Build.0 = Ad-Hoc|iPhoneSimulator
		{9B59378D-F535-498E-9771-D9E19B7F94F2}.AppStore|Any CPU.ActiveCfg = AppStore|iPhone
		{9B59378D-F535-498E-9771-D9E19B7F94F2}.AppStore|iPhone.ActiveCfg = AppStore|iPhone
		{9B59378D-F535-498E-9771-D9E19B7F94F2}.AppStore|iPhone.Build.0 = AppStore|iPhone
		{9B59378D-F535-498E-9771-D9E19B7F94F2}.AppStore|iPhoneSimulator.ActiveCfg = AppStore|iPhoneSimulator
		{9B59378D-F535-498E-9771-D9E19B7F94F2}.AppStore|iPhoneSimulator.Build.0 = AppStore|iPhoneSimulator
		{9B59378D-F535-498E-9771-D9E19B7F94F2}.Debug|Any CPU.ActiveCfg = Debug|iPhone
		{9B59378D-F535-498E-9771-D9E19B7F94F2}.Debug|iPhone.ActiveCfg = Debug|iPhone
		{9B59378D-F535-498E-9771-D9E19B7F94F2}.Debug|iPhone.Build.0 = Debug|iPhone
		{9B59378D-F535-498E-9771-D9E19B7F94F2}.Debug|iPhoneSimulator.ActiveCfg = Debug|iPhoneSimulator
		{9B59378D-F535-498E-9771-D9E19B7F94F2}.Debug|iPhoneSimulator.Build.0 = Debug|iPhoneSimulator
		{9B59378D-F535-498E-9771-D9E19B7F94F2}.Release|Any CPU.ActiveCfg = Release|iPhone
		{9B59378D-F535-498E-9771-D9E19B7F94F2}.Release|iPhone.ActiveCfg = Release|iPhone
		{9B59378D-F535-498E-9771-D9E19B7F94F2}.Release|iPhone.Build.0 = Release|iPhone
		{9B59378D-F535-498E-9771-D9E19B7F94F2}.Release|iPhoneSimulator.ActiveCfg = Release|iPhoneSimulator
		{9B59378D-F535-498E-9771-D9E19B7F94F2}.Release|iPhoneSimulator.Build.0 = Release|iPhoneSimulator
		{D687A193-4B6B-45BE-BB74-2694FBA4A03C}.Ad-Hoc|Any CPU.ActiveCfg = Release|Any CPU
		{D687A193-4B6B-45BE-BB74-2694FBA4A03C}.Ad-Hoc|Any CPU.Build.0 = Release|Any CPU
		{D687A193-4B6B-45BE-BB74-2694FBA4A03C}.Ad-Hoc|iPhone.ActiveCfg = Release|Any CPU
		{D687A193-4B6B-45BE-BB74-2694FBA4A03C}.Ad-Hoc|iPhone.Build.0 = Release|Any CPU
		{D687A193-4B6B-45BE-BB74-2694FBA4A03C}.Ad-Hoc|iPhoneSimulator.ActiveCfg = Release|Any CPU
		{D687A193-4B6B-45BE-BB74-2694FBA4A03C}.Ad-Hoc|iPhoneSimulator.Build.0 = Release|Any CPU
		{D687A193-4B6B-45BE-BB74-2694FBA4A03C}.AppStore|Any CPU.ActiveCfg = Release|Any CPU
		{D687A193-4B6B-45BE-BB74-2694FBA4A03C}.AppStore|Any CPU.Build.0 = Release|Any CPU
		{D687A193-4B6B-45BE-BB74-2694FBA4A03C}.AppStore|iPhone.ActiveCfg = Release|Any CPU
		{D687A193-4B6B-45BE-BB74-2694FBA4A03C}.AppStore|iPhone.Build.0 = Release|Any CPU
		{D687A193-4B6B-45BE-BB74-2694FBA4A03C}.AppStore|iPhoneSimulator.ActiveCfg = Release|Any CPU
		{D687A193-4B6B-45BE-BB74-2694FBA4A03C}.AppStore|iPhoneSimulator.Build.0 = Release|Any CPU
		{D687A193-4B6B-45BE-BB74-2694FBA4A03C}.Debug|Any CPU.ActiveCfg = Debug|Any CPU
		{D687A193-4B6B-45BE-BB74-2694FBA4A03C}.Debug|Any CPU.Build.0 = Debug|Any CPU
		{D687A193-4B6B-45BE-BB74-2694FBA4A03C}.Debug|iPhone.ActiveCfg = Debug|Any CPU
		{D687A193-4B6B-45BE-BB74-2694FBA4A03C}.Debug|iPhone.Build.0 = Debug|Any CPU
		{D687A193-4B6B-45BE-BB74-2694FBA4A03C}.Debug|iPhoneSimulator.ActiveCfg = Debug|Any CPU
		{D687A193-4B6B-45BE-BB74-2694FBA4A03C}.Debug|iPhoneSimulator.Build.0 = Debug|Any CPU
		{D687A193-4B6B-45BE-BB74-2694FBA4A03C}.Release|Any CPU.ActiveCfg = Release|Any CPU
		{D687A193-4B6B-45BE-BB74-2694FBA4A03C}.Release|Any CPU.Build.0 = Release|Any CPU
		{D687A193-4B6B-45BE-BB74-2694FBA4A03C}.Release|iPhone.ActiveCfg = Release|Any CPU
		{D687A193-4B6B-45BE-BB74-2694FBA4A03C}.Release|iPhone.Build.0 = Release|Any CPU
		{D687A193-4B6B-45BE-BB74-2694FBA4A03C}.Release|iPhoneSimulator.ActiveCfg = Release|Any CPU
		{D687A193-4B6B-45BE-BB74-2694FBA4A03C}.Release|iPhoneSimulator.Build.0 = Release|Any CPU
	EndGlobalSection
	GlobalSection(SolutionProperties) = preSolution
		HideSolutionNode = FALSE
	EndGlobalSection
	GlobalSection(ExtensibilityGlobals) = postSolution
		SolutionGuid = {A287418C-C34F-47CF-9C7A-4CFA916F760D}
	EndGlobalSection
EndGlobal
